// !$*UTF8*$!
{
	archiveVersion = 1;
	classes = {
	};
	objectVersion = 46;
	objects = {

/* Begin PBXBuildFile section */
		25DB9E092F20246C4477BB4D /* Pods_TwitterC.framework in Frameworks */ = {isa = PBXBuildFile; fileRef = C0A3DA0CCE8ED67D3B90DADE /* Pods_TwitterC.framework */; };
		FCA85A2C1D21C4750025BB30 /* AppDelegate.swift in Sources */ = {isa = PBXBuildFile; fileRef = FCA85A2B1D21C4750025BB30 /* AppDelegate.swift */; };
		FCA85A2E1D21C4750025BB30 /* ViewController.swift in Sources */ = {isa = PBXBuildFile; fileRef = FCA85A2D1D21C4750025BB30 /* ViewController.swift */; };
		FCA85A311D21C4750025BB30 /* Main.storyboard in Resources */ = {isa = PBXBuildFile; fileRef = FCA85A2F1D21C4750025BB30 /* Main.storyboard */; };
		FCA85A331D21C4750025BB30 /* Assets.xcassets in Resources */ = {isa = PBXBuildFile; fileRef = FCA85A321D21C4750025BB30 /* Assets.xcassets */; };
		FCA85A361D21C4750025BB30 /* LaunchScreen.storyboard in Resources */ = {isa = PBXBuildFile; fileRef = FCA85A341D21C4750025BB30 /* LaunchScreen.storyboard */; };
		FCA85A3E1D21C6120025BB30 /* LoginViewController.swift in Sources */ = {isa = PBXBuildFile; fileRef = FCA85A3D1D21C6120025BB30 /* LoginViewController.swift */; };
		FCA85A431D21E6B20025BB30 /* User.swift in Sources */ = {isa = PBXBuildFile; fileRef = FCA85A421D21E6B20025BB30 /* User.swift */; };
		FCA85A451D21E6D00025BB30 /* Tweet.swift in Sources */ = {isa = PBXBuildFile; fileRef = FCA85A441D21E6D00025BB30 /* Tweet.swift */; };
		FCA85A471D21F3420025BB30 /* TwitterClient.swift in Sources */ = {isa = PBXBuildFile; fileRef = FCA85A461D21F3420025BB30 /* TwitterClient.swift */; };
		FCA85A4C1D2244F40025BB30 /* TweetsViewController.swift in Sources */ = {isa = PBXBuildFile; fileRef = FCA85A4B1D2244F40025BB30 /* TweetsViewController.swift */; };
		FCA85A4E1D23268E0025BB30 /* postCell.swift in Sources */ = {isa = PBXBuildFile; fileRef = FCA85A4D1D23268E0025BB30 /* postCell.swift */; };
		FCA85A501D2353BA0025BB30 /* TweetDetailsViewController.swift in Sources */ = {isa = PBXBuildFile; fileRef = FCA85A4F1D2353BA0025BB30 /* TweetDetailsViewController.swift */; };
/* End PBXBuildFile section */

/* Begin PBXFileReference section */
		BB08046FB114B7BE4E84C63B /* Pods-TwitterC.debug.xcconfig */ = {isa = PBXFileReference; includeInIndex = 1; lastKnownFileType = text.xcconfig; name = "Pods-TwitterC.debug.xcconfig"; path = "Pods/Target Support Files/Pods-TwitterC/Pods-TwitterC.debug.xcconfig"; sourceTree = "<group>"; };
		C0A3DA0CCE8ED67D3B90DADE /* Pods_TwitterC.framework */ = {isa = PBXFileReference; explicitFileType = wrapper.framework; includeInIndex = 0; path = Pods_TwitterC.framework; sourceTree = BUILT_PRODUCTS_DIR; };
		E73AD8E4788A91D96948AB2C /* Pods-TwitterC.release.xcconfig */ = {isa = PBXFileReference; includeInIndex = 1; lastKnownFileType = text.xcconfig; name = "Pods-TwitterC.release.xcconfig"; path = "Pods/Target Support Files/Pods-TwitterC/Pods-TwitterC.release.xcconfig"; sourceTree = "<group>"; };
		FCA85A281D21C4750025BB30 /* TwitterC.app */ = {isa = PBXFileReference; explicitFileType = wrapper.application; includeInIndex = 0; path = TwitterC.app; sourceTree = BUILT_PRODUCTS_DIR; };
		FCA85A2B1D21C4750025BB30 /* AppDelegate.swift */ = {isa = PBXFileReference; lastKnownFileType = sourcecode.swift; path = AppDelegate.swift; sourceTree = "<group>"; };
		FCA85A2D1D21C4750025BB30 /* ViewController.swift */ = {isa = PBXFileReference; lastKnownFileType = sourcecode.swift; path = ViewController.swift; sourceTree = "<group>"; };
		FCA85A301D21C4750025BB30 /* Base */ = {isa = PBXFileReference; lastKnownFileType = file.storyboard; name = Base; path = Base.lproj/Main.storyboard; sourceTree = "<group>"; };
		FCA85A321D21C4750025BB30 /* Assets.xcassets */ = {isa = PBXFileReference; lastKnownFileType = folder.assetcatalog; path = Assets.xcassets; sourceTree = "<group>"; };
		FCA85A351D21C4750025BB30 /* Base */ = {isa = PBXFileReference; lastKnownFileType = file.storyboard; name = Base; path = Base.lproj/LaunchScreen.storyboard; sourceTree = "<group>"; };
		FCA85A371D21C4750025BB30 /* Info.plist */ = {isa = PBXFileReference; lastKnownFileType = text.plist.xml; path = Info.plist; sourceTree = "<group>"; };
		FCA85A3D1D21C6120025BB30 /* LoginViewController.swift */ = {isa = PBXFileReference; fileEncoding = 4; lastKnownFileType = sourcecode.swift; path = LoginViewController.swift; sourceTree = "<group>"; };
		FCA85A421D21E6B20025BB30 /* User.swift */ = {isa = PBXFileReference; fileEncoding = 4; lastKnownFileType = sourcecode.swift; path = User.swift; sourceTree = "<group>"; };
		FCA85A441D21E6D00025BB30 /* Tweet.swift */ = {isa = PBXFileReference; fileEncoding = 4; lastKnownFileType = sourcecode.swift; path = Tweet.swift; sourceTree = "<group>"; };
		FCA85A461D21F3420025BB30 /* TwitterClient.swift */ = {isa = PBXFileReference; fileEncoding = 4; lastKnownFileType = sourcecode.swift; path = TwitterClient.swift; sourceTree = "<group>"; };
		FCA85A4B1D2244F40025BB30 /* TweetsViewController.swift */ = {isa = PBXFileReference; fileEncoding = 4; lastKnownFileType = sourcecode.swift; path = TweetsViewController.swift; sourceTree = "<group>"; };
		FCA85A4D1D23268E0025BB30 /* postCell.swift */ = {isa = PBXFileReference; fileEncoding = 4; lastKnownFileType = sourcecode.swift; path = postCell.swift; sourceTree = "<group>"; };
		FCA85A4F1D2353BA0025BB30 /* TweetDetailsViewController.swift */ = {isa = PBXFileReference; fileEncoding = 4; lastKnownFileType = sourcecode.swift; path = TweetDetailsViewController.swift; sourceTree = "<group>"; };
/* End PBXFileReference section */

/* Begin PBXFrameworksBuildPhase section */
		FCA85A251D21C4750025BB30 /* Frameworks */ = {
			isa = PBXFrameworksBuildPhase;
			buildActionMask = 2147483647;
			files = (
				25DB9E092F20246C4477BB4D /* Pods_TwitterC.framework in Frameworks */,
			);
			runOnlyForDeploymentPostprocessing = 0;
		};
/* End PBXFrameworksBuildPhase section */

/* Begin PBXGroup section */
		38BB0AB935392199FBAB74F2 /* Frameworks */ = {
			isa = PBXGroup;
			children = (
				C0A3DA0CCE8ED67D3B90DADE /* Pods_TwitterC.framework */,
			);
			name = Frameworks;
			sourceTree = "<group>";
		};
		429753F98FB97F867ED95536 /* Pods */ = {
			isa = PBXGroup;
			children = (
				BB08046FB114B7BE4E84C63B /* Pods-TwitterC.debug.xcconfig */,
				E73AD8E4788A91D96948AB2C /* Pods-TwitterC.release.xcconfig */,
			);
			name = Pods;
			sourceTree = "<group>";
		};
		FCA85A1F1D21C4750025BB30 = {
			isa = PBXGroup;
			children = (
				FCA85A2A1D21C4750025BB30 /* TwitterC */,
				FCA85A291D21C4750025BB30 /* Products */,
				429753F98FB97F867ED95536 /* Pods */,
				38BB0AB935392199FBAB74F2 /* Frameworks */,
			);
			sourceTree = "<group>";
		};
		FCA85A291D21C4750025BB30 /* Products */ = {
			isa = PBXGroup;
			children = (
				FCA85A281D21C4750025BB30 /* TwitterC.app */,
			);
			name = Products;
			sourceTree = "<group>";
		};
		FCA85A2A1D21C4750025BB30 /* TwitterC */ = {
			isa = PBXGroup;
			children = (
				FCA85A481D21F3490025BB30 /* API */,
				FCA85A401D21E66F0025BB30 /* ViewControllers */,
				FCA85A2B1D21C4750025BB30 /* AppDelegate.swift */,
				FCA85A411D21E6920025BB30 /* Models */,
				FCA85A2F1D21C4750025BB30 /* Main.storyboard */,
				FCA85A321D21C4750025BB30 /* Assets.xcassets */,
				FCA85A341D21C4750025BB30 /* LaunchScreen.storyboard */,
				FCA85A371D21C4750025BB30 /* Info.plist */,
			);
			path = TwitterC;
			sourceTree = "<group>";
		};
		FCA85A401D21E66F0025BB30 /* ViewControllers */ = {
			isa = PBXGroup;
			children = (
				FCA85A3D1D21C6120025BB30 /* LoginViewController.swift */,
				FCA85A4B1D2244F40025BB30 /* TweetsViewController.swift */,
				FCA85A2D1D21C4750025BB30 /* ViewController.swift */,
				FCA85A4F1D2353BA0025BB30 /* TweetDetailsViewController.swift */,
			);
			name = ViewControllers;
			sourceTree = "<group>";
		};
		FCA85A411D21E6920025BB30 /* Models */ = {
			isa = PBXGroup;
			children = (
				FCA85A421D21E6B20025BB30 /* User.swift */,
				FCA85A441D21E6D00025BB30 /* Tweet.swift */,
				FCA85A4D1D23268E0025BB30 /* postCell.swift */,
			);
			name = Models;
			sourceTree = "<group>";
		};
		FCA85A481D21F3490025BB30 /* API */ = {
			isa = PBXGroup;
			children = (
				FCA85A461D21F3420025BB30 /* TwitterClient.swift */,
			);
			name = API;
			sourceTree = "<group>";
		};
/* End PBXGroup section */

/* Begin PBXNativeTarget section */
		FCA85A271D21C4750025BB30 /* TwitterC */ = {
			isa = PBXNativeTarget;
			buildConfigurationList = FCA85A3A1D21C4750025BB30 /* Build configuration list for PBXNativeTarget "TwitterC" */;
			buildPhases = (
				571DB71B3F1FDB8E87CD28CF /* [CP] Check Pods Manifest.lock */,
				FCA85A241D21C4750025BB30 /* Sources */,
				FCA85A251D21C4750025BB30 /* Frameworks */,
				FCA85A261D21C4750025BB30 /* Resources */,
				336113C7540279FE15D235D6 /* [CP] Embed Pods Frameworks */,
				B90E82C990EF851BC0964AFE /* [CP] Copy Pods Resources */,
			);
			buildRules = (
			);
			dependencies = (
			);
			name = TwitterC;
			productName = TwitterC;
			productReference = FCA85A281D21C4750025BB30 /* TwitterC.app */;
			productType = "com.apple.product-type.application";
		};
/* End PBXNativeTarget section */

/* Begin PBXProject section */
		FCA85A201D21C4750025BB30 /* Project object */ = {
			isa = PBXProject;
			attributes = {
				LastSwiftUpdateCheck = 0730;
				LastUpgradeCheck = 0730;
				ORGANIZATIONNAME = "Sumedha Mehta";
				TargetAttributes = {
					FCA85A271D21C4750025BB30 = {
						CreatedOnToolsVersion = 7.3.1;
					};
				};
			};
			buildConfigurationList = FCA85A231D21C4750025BB30 /* Build configuration list for PBXProject "TwitterC" */;
			compatibilityVersion = "Xcode 3.2";
			developmentRegion = English;
			hasScannedForEncodings = 0;
			knownRegions = (
				en,
				Base,
			);
			mainGroup = FCA85A1F1D21C4750025BB30;
			productRefGroup = FCA85A291D21C4750025BB30 /* Products */;
			projectDirPath = "";
			projectRoot = "";
			targets = (
				FCA85A271D21C4750025BB30 /* TwitterC */,
			);
		};
/* End PBXProject section */

/* Begin PBXResourcesBuildPhase section */
		FCA85A261D21C4750025BB30 /* Resources */ = {
			isa = PBXResourcesBuildPhase;
			buildActionMask = 2147483647;
			files = (
				FCA85A361D21C4750025BB30 /* LaunchScreen.storyboard in Resources */,
				FCA85A331D21C4750025BB30 /* Assets.xcassets in Resources */,
				FCA85A311D21C4750025BB30 /* Main.storyboard in Resources */,
			);
			runOnlyForDeploymentPostprocessing = 0;
		};
/* End PBXResourcesBuildPhase section */

/* Begin PBXShellScriptBuildPhase section */
		336113C7540279FE15D235D6 /* [CP] Embed Pods Frameworks */ = {
			isa = PBXShellScriptBuildPhase;
			buildActionMask = 2147483647;
			files = (
			);
			inputPaths = (
			);
			name = "[CP] Embed Pods Frameworks";
			outputPaths = (
			);
			runOnlyForDeploymentPostprocessing = 0;
			shellPath = /bin/sh;
			shellScript = "\"${SRCROOT}/Pods/Target Support Files/Pods-TwitterC/Pods-TwitterC-frameworks.sh\"\n";
			showEnvVarsInLog = 0;
		};
		571DB71B3F1FDB8E87CD28CF /* [CP] Check Pods Manifest.lock */ = {
			isa = PBXShellScriptBuildPhase;
			buildActionMask = 2147483647;
			files = (
			);
			inputPaths = (
			);
			name = "[CP] Check Pods Manifest.lock";
			outputPaths = (
			);
			runOnlyForDeploymentPostprocessing = 0;
			shellPath = /bin/sh;
			shellScript = "diff \"${PODS_ROOT}/../Podfile.lock\" \"${PODS_ROOT}/Manifest.lock\" > /dev/null\nif [[ $? != 0 ]] ; then\n    cat << EOM\nerror: The sandbox is not in sync with the Podfile.lock. Run 'pod install' or update your CocoaPods installation.\nEOM\n    exit 1\nfi\n";
			showEnvVarsInLog = 0;
		};
		B90E82C990EF851BC0964AFE /* [CP] Copy Pods Resources */ = {
			isa = PBXShellScriptBuildPhase;
			buildActionMask = 2147483647;
			files = (
			);
			inputPaths = (
			);
			name = "[CP] Copy Pods Resources";
			outputPaths = (
			);
			runOnlyForDeploymentPostprocessing = 0;
			shellPath = /bin/sh;
			shellScript = "\"${SRCROOT}/Pods/Target Support Files/Pods-TwitterC/Pods-TwitterC-resources.sh\"\n";
			showEnvVarsInLog = 0;
		};
/* End PBXShellScriptBuildPhase section */

/* Begin PBXSourcesBuildPhase section */
		FCA85A241D21C4750025BB30 /* Sources */ = {
			isa = PBXSourcesBuildPhase;
			buildActionMask = 2147483647;
			files = (
				FCA85A431D21E6B20025BB30 /* User.swift in Sources */,
				FCA85A451D21E6D00025BB30 /* Tweet.swift in Sources */,
				FCA85A3E1D21C6120025BB30 /* LoginViewController.swift in Sources */,
				FCA85A2E1D21C4750025BB30 /* ViewController.swift in Sources */,
				FCA85A501D2353BA0025BB30 /* TweetDetailsViewController.swift in Sources */,
				FCA85A4C1D2244F40025BB30 /* TweetsViewController.swift in Sources */,
				FCA85A471D21F3420025BB30 /* TwitterClient.swift in Sources */,
				FCA85A2C1D21C4750025BB30 /* AppDelegate.swift in Sources */,
				FCA85A4E1D23268E0025BB30 /* postCell.swift in Sources */,
			);
			runOnlyForDeploymentPostprocessing = 0;
		};
/* End PBXSourcesBuildPhase section */

/* Begin PBXVariantGroup section */
		FCA85A2F1D21C4750025BB30 /* Main.storyboard */ = {
			isa = PBXVariantGroup;
			children = (
				FCA85A301D21C4750025BB30 /* Base */,
			);
			name = Main.storyboard;
			sourceTree = "<group>";
		};
		FCA85A341D21C4750025BB30 /* LaunchScreen.storyboard */ = {
			isa = PBXVariantGroup;
			children = (
				FCA85A351D21C4750025BB30 /* Base */,
			);
			name = LaunchScreen.storyboard;
			sourceTree = "<group>";
		};
/* End PBXVariantGroup section */

/* Begin XCBuildConfiguration section */
		FCA85A381D21C4750025BB30 /* Debug */ = {
			isa = XCBuildConfiguration;
			buildSettings = {
				ALWAYS_SEARCH_USER_PATHS = NO;
				CLANG_ANALYZER_NONNULL = YES;
				CLANG_CXX_LANGUAGE_STANDARD = "gnu++0x";
				CLANG_CXX_LIBRARY = "libc++";
				CLANG_ENABLE_MODULES = YES;
				CLANG_ENABLE_OBJC_ARC = YES;
				CLANG_WARN_BOOL_CONVERSION = YES;
				CLANG_WARN_CONSTANT_CONVERSION = YES;
				CLANG_WARN_DIRECT_OBJC_ISA_USAGE = YES_ERROR;
				CLANG_WARN_EMPTY_BODY = YES;
				CLANG_WARN_ENUM_CONVERSION = YES;
				CLANG_WARN_INT_CONVERSION = YES;
				CLANG_WARN_OBJC_ROOT_CLASS = YES_ERROR;
				CLANG_WARN_UNREACHABLE_CODE = YES;
				CLANG_WARN__DUPLICATE_METHOD_MATCH = YES;
				"CODE_SIGN_IDENTITY[sdk=iphoneos*]" = "iPhone Developer";
				COPY_PHASE_STRIP = NO;
				DEBUG_INFORMATION_FORMAT = dwarf;
				ENABLE_STRICT_OBJC_MSGSEND = YES;
				ENABLE_TESTABILITY = YES;
				GCC_C_LANGUAGE_STANDARD = gnu99;
				GCC_DYNAMIC_NO_PIC = NO;
				GCC_NO_COMMON_BLOCKS = YES;
				GCC_OPTIMIZATION_LEVEL = 0;
				GCC_PREPROCESSOR_DEFINITIONS = (
					"DEBUG=1",
					"$(inherited)",
				);
				GCC_WARN_64_TO_32_BIT_CONVERSION = YES;
				GCC_WARN_ABOUT_RETURN_TYPE = YES_ERROR;
				GCC_WARN_UNDECLARED_SELECTOR = YES;
				GCC_WARN_UNINITIALIZED_AUTOS = YES_AGGRESSIVE;
				GCC_WARN_UNUSED_FUNCTION = YES;
				GCC_WARN_UNUSED_VARIABLE = YES;
				IPHONEOS_DEPLOYMENT_TARGET = 9.3;
				MTL_ENABLE_DEBUG_INFO = YES;
				ONLY_ACTIVE_ARCH = YES;
				SDKROOT = iphoneos;
				SWIFT_OPTIMIZATION_LEVEL = "-Onone";
			};
			name = Debug;
		};
		FCA85A391D21C4750025BB30 /* Release */ = {
			isa = XCBuildConfiguration;
			buildSettings = {
				ALWAYS_SEARCH_USER_PATHS = NO;
				CLANG_ANALYZER_NONNULL = YES;
				CLANG_CXX_LANGUAGE_STANDARD = "gnu++0x";
				CLANG_CXX_LIBRARY = "libc++";
				CLANG_ENABLE_MODULES = YES;
				CLANG_ENABLE_OBJC_ARC = YES;
				CLANG_WARN_BOOL_CONVERSION = YES;
				CLANG_WARN_CONSTANT_CONVERSION = YES;
				CLANG_WARN_DIRECT_OBJC_ISA_USAGE = YES_ERROR;
				CLANG_WARN_EMPTY_BODY = YES;
				CLANG_WARN_ENUM_CONVERSION = YES;
				CLANG_WARN_INT_CONVERSION = YES;
				CLANG_WARN_OBJC_ROOT_CLASS = YES_ERROR;
				CLANG_WARN_UNREACHABLE_CODE = YES;
				CLANG_WARN__DUPLICATE_METHOD_MATCH = YES;
				"CODE_SIGN_IDENTITY[sdk=iphoneos*]" = "iPhone Developer";
				COPY_PHASE_STRIP = NO;
				DEBUG_INFORMATION_FORMAT = "dwarf-with-dsym";
				ENABLE_NS_ASSERTIONS = NO;
				ENABLE_STRICT_OBJC_MSGSEND = YES;
				GCC_C_LANGUAGE_STANDARD = gnu99;
				GCC_NO_COMMON_BLOCKS = YES;
				GCC_WARN_64_TO_32_BIT_CONVERSION = YES;
				GCC_WARN_ABOUT_RETURN_TYPE = YES_ERROR;
				GCC_WARN_UNDECLARED_SELECTOR = YES;
				GCC_WARN_UNINITIALIZED_AUTOS = YES_AGGRESSIVE;
				GCC_WARN_UNUSED_FUNCTION = YES;
				GCC_WARN_UNUSED_VARIABLE = YES;
				IPHONEOS_DEPLOYMENT_TARGET = 9.3;
				MTL_ENABLE_DEBUG_INFO = NO;
				SDKROOT = iphoneos;
				VALIDATE_PRODUCT = YES;
			};
			name = Release;
		};
		FCA85A3B1D21C4750025BB30 /* Debug */ = {
			isa = XCBuildConfiguration;
			baseConfigurationReference = BB08046FB114B7BE4E84C63B /* Pods-TwitterC.debug.xcconfig */;
			buildSettings = {
				ASSETCATALOG_COMPILER_APPICON_NAME = AppIcon;
				INFOPLIST_FILE = TwitterC/Info.plist;
				LD_RUNPATH_SEARCH_PATHS = "$(inherited) @executable_path/Frameworks";
				PRODUCT_BUNDLE_IDENTIFIER = com.codepath.TwitterC;
				PRODUCT_NAME = "$(TARGET_NAME)";
			};
			name = Debug;
		};
		FCA85A3C1D21C4750025BB30 /* Release */ = {
			isa = XCBuildConfiguration;
			baseConfigurationReference = E73AD8E4788A91D96948AB2C /* Pods-TwitterC.release.xcconfig */;
			buildSettings = {
				ASSETCATALOG_COMPILER_APPICON_NAME = AppIcon;
				INFOPLIST_FILE = TwitterC/Info.plist;
				LD_RUNPATH_SEARCH_PATHS = "$(inherited) @executable_path/Frameworks";
				PRODUCT_BUNDLE_IDENTIFIER = com.codepath.TwitterC;
				PRODUCT_NAME = "$(TARGET_NAME)";
			};
			name = Release;
		};
/* End XCBuildConfiguration section */

/* Begin XCConfigurationList section */
		FCA85A231D21C4750025BB30 /* Build configuration list for PBXProject "TwitterC" */ = {
			isa = XCConfigurationList;
			buildConfigurations = (
				FCA85A381D21C4750025BB30 /* Debug */,
				FCA85A391D21C4750025BB30 /* Release */,
			);
			defaultConfigurationIsVisible = 0;
			defaultConfigurationName = Release;
		};
		FCA85A3A1D21C4750025BB30 /* Build configuration list for PBXNativeTarget "TwitterC" */ = {
			isa = XCConfigurationList;
			buildConfigurations = (
				FCA85A3B1D21C4750025BB30 /* Debug */,
				FCA85A3C1D21C4750025BB30 /* Release */,
			);
			defaultConfigurationIsVisible = 0;
			defaultConfigurationName = Release;
		};
/* End XCConfigurationList section */
	};
	rootObject = FCA85A201D21C4750025BB30 /* Project object */;
}
